
Microsoft Visual Studio Solution File, Format Version 12.00
# Visual Studio Version 16
VisualStudioVersion = 16.0.29613.14
MinimumVisualStudioVersion = 10.0.40219.1
Project("{FAE04EC0-301F-11D3-BF4B-00C04F79EFBC}") = "NetCorePdfRazorDemo", "NetCorePdfRazorDemo.csproj", "{6AB32CD7-D430-4E1E-833E-33FE62572099}"
EndProject
Global
	GlobalSection(SolutionConfigurationPlatforms) = preSolution
		Debug|Any CPU = Debug|Any CPU
		Release|Any CPU = Release|Any CPU
	EndGlobalSection
	GlobalSection(ProjectConfigurationPlatforms) = postSolution
		{6AB32CD7-D430-4E1E-833E-33FE62572099}.Debug|Any CPU.ActiveCfg = Debug|Any CPU
		{6AB32CD7-D430-4E1E-833E-33FE62572099}.Debug|Any CPU.Build.0 = Debug|Any CPU
		{6AB32CD7-D430-4E1E-833E-33FE62572099}.Release|Any CPU.ActiveCfg = Release|Any CPU
		{6AB32CD7-D430-4E1E-833E-33FE62572099}.Release|Any CPU.Build.0 = Release|Any CPU
	EndGlobalSection
	GlobalSection(SolutionProperties) = preSolution
		HideSolutionNode = FALSE
	EndGlobalSection
	GlobalSection(ExtensibilityGlobals) = postSolution
		SolutionGuid = {1BEB442E-C82B-4CF2-870E-350220BE5297}
	EndGlobalSection
EndGlobal
